
Microsoft Visual Studio Solution File, Format Version 12.00
# Visual Studio Version 17
VisualStudioVersion = 17.4.33213.308
MinimumVisualStudioVersion = 10.0.40219.1
Project("{FAE04EC0-301F-11D3-BF4B-00C04F79EFBC}") = "ASPNETMVCCRUD", "ASPNETMVCCRUD\ASPNETMVCCRUD.csproj", "{C7057E01-1D53-4172-992A-8C2E265DDE75}"
EndProject
Global
	GlobalSection(SolutionConfigurationPlatforms) = preSolution
		Debug|Any CPU = Debug|Any CPU
		Release|Any CPU = Release|Any CPU
	EndGlobalSection
	GlobalSection(ProjectConfigurationPlatforms) = postSolution
		{C7057E01-1D53-4172-992A-8C2E265DDE75}.Debug|Any CPU.ActiveCfg = Debug|Any CPU
		{C7057E01-1D53-4172-992A-8C2E265DDE75}.Debug|Any CPU.Build.0 = Debug|Any CPU
		{C7057E01-1D53-4172-992A-8C2E265DDE75}.Release|Any CPU.ActiveCfg = Release|Any CPU
		{C7057E01-1D53-4172-992A-8C2E265DDE75}.Release|Any CPU.Build.0 = Release|Any CPU
	EndGlobalSection
	GlobalSection(SolutionProperties) = preSolution
		HideSolutionNode = FALSE
	EndGlobalSection
	GlobalSection(ExtensibilityGlobals) = postSolution
		SolutionGuid = {AADDCE50-EB5F-4ADF-87C3-165B9147F568}
	EndGlobalSection
EndGlobal
